
Microsoft Visual Studio Solution File, Format Version 12.00
# Visual Studio Version 17
VisualStudioVersion = 17.7.34018.315
MinimumVisualStudioVersion = 10.0.40219.1
Project("{FAE04EC0-301F-11D3-BF4B-00C04F79EFBC}") = "My Weather Site", "My Weather Site\My Weather Site.csproj", "{920456DC-D2C7-4721-B632-CA5E1C812635}"
EndProject
Global
	GlobalSection(SolutionConfigurationPlatforms) = preSolution
		Debug|Any CPU = Debug|Any CPU
		Release|Any CPU = Release|Any CPU
	EndGlobalSection
	GlobalSection(ProjectConfigurationPlatforms) = postSolution
		{920456DC-D2C7-4721-B632-CA5E1C812635}.Debug|Any CPU.ActiveCfg = Debug|Any CPU
		{920456DC-D2C7-4721-B632-CA5E1C812635}.Debug|Any CPU.Build.0 = Debug|Any CPU
		{920456DC-D2C7-4721-B632-CA5E1C812635}.Release|Any CPU.ActiveCfg = Release|Any CPU
		{920456DC-D2C7-4721-B632-CA5E1C812635}.Release|Any CPU.Build.0 = Release|Any CPU
	EndGlobalSection
	GlobalSection(SolutionProperties) = preSolution
		HideSolutionNode = FALSE
	EndGlobalSection
	GlobalSection(ExtensibilityGlobals) = postSolution
		SolutionGuid = {B23EA888-7D9C-4430-B076-2F61D95E7983}
	EndGlobalSection
EndGlobal
